lockfileVersion: '9.0'

settings:
  autoInstallPeers: true
  excludeLinksFromLockfile: false

importers:

  .:
    devDependencies:
      '@types/node':
        specifier: ^20
        version: 20.19.43
      typescript:
        specifier: ^5.6.3
        version: 5.9.3

  packages/adapters/biome:
    dependencies:
      '@nodeforge/contracts':
        specifier: workspace:*
        version: link:../../contracts
      '@nodeforge/runner':
        specifier: workspace:*
        version: link:../../runner
    devDependencies:
      '@types/node':
        specifier: ^20.14.0
        version: 20.19.43
      typescript:
        specifier: ^5.6.3
        version: 5.9.3
      vitest:
        specifier: ^5.0.3
        version: 5.0.3(@types/node@20.19.43)(vite@5.4.21(@types/node@20.19.43))

  packages/adapters/dependencies:
    dependencies:
      '@nodeforge/contracts':
        specifier: workspace:*
        version: link:../../contracts
      '@nodeforge/runner':
        specifier: workspace:*
        version: link:../../runner
    devDependencies:
      '@types/node':
        specifier: ^20.14.0
        version: 20.19.43
      typescript:
        specifier: ^5.6.3
        version: 5.9.3
      vitest:
        specifier: ^5.0.3
        version: 5.0.3(@types/node@20.19.43)(vite@5.4.21(@types/node@20.19.43))

  packages/adapters/dependency-graph:
    dependencies:
      '@nodeforge/contracts':
        specifier: workspace:*
        version: link:../../contracts
    devDependencies:
      '@types/node':
        specifier: ^20.14.0
        version: 20.19.43
      typescript:
        specifier: ^5.6.3
        version: 5.9.3
      vitest:
        specifier: ^5.0.3
        version: 5.0.3(@types/node@20.19.43)(vite@5.4.21(@types/node@20.19.43))

  packages/adapters/devdocs:
    dependencies:
      '@nodeforge/contracts':
        specifier: workspace:*
        version: link:../../contracts
      '@nodeforge/runner':
        specifier: workspace:*
        version: link:../../runner
    devDependencies:
      '@types/node':
        specifier: ^20.14.0
        version: 20.19.43
      typescript:
        specifier: ^5.6.3
        version: 5.9.3
      vitest:
        specifier: ^5.0.3
        version: 5.0.3(@types/node@20.19.43)(vite@5.4.21(@types/node@20.19.43))

  packages/adapters/docker:
    dependencies:
      '@nodeforge/contracts':
        specifier: workspace:*
        version: link:../../contracts
      yaml:
        specifier: ^2.5.0
        version: 2.9.0
    devDependencies:
      '@types/node':
        specifier: ^20.14.0
        version: 20.19.43
      typescript:
        specifier: ^5.6.3
        version: 5.9.3
      vitest:
        specifier: ^5.0.3
        version: 5.0.3(@types/node@20.19.43)(vite@5.4.21(@types/node@20.19.43))

  packages/adapters/drizzle:
    dependencies:
      '@nodeforge/contracts':
        specifier: workspace:*
        version: link:../../contracts
    devDependencies:
      '@types/node':
        specifier: ^20.14.0
        version: 20.19.43
      typescript:
        specifier: ^5.6.3
        version: 5.9.3
      vitest:
        specifier: ^5.0.3
        version: 5.0.3(@types/node@20.19.43)(vite@5.4.21(@types/node@20.19.43))

  packages/adapters/eslint:
    dependencies:
      '@nodeforge/contracts':
        specifier: workspace:*
        version: link:../../contracts
      '@nodeforge/runner':
        specifier: workspace:*
        version: link:../../runner
    devDependencies:
      '@types/node':
        specifier: ^20.14.0
        version: 20.19.43
      typescript:
        specifier: ^5.6.3
        version: 5.9.3
      vitest:
        specifier: ^5.0.3
        version: 5.0.3(@types/node@20.19.43)(vite@5.4.21(@types/node@20.19.43))

  packages/adapters/git:
    dependencies:
      '@nodeforge/contracts':
        specifier: workspace:*
        version: link:../../contracts
      '@nodeforge/runner':
        specifier: workspace:*
        version: link:../../runner
    devDependencies:
      '@types/node':
        specifier: ^20.14.0
        version: 20.19.43
      typescript:
        specifier: ^5.6.3
        version: 5.9.3
      vitest:
        specifier: ^5.0.3
        version: 5.0.3(@types/node@20.19.43)(vite@5.4.21(@types/node@20.19.43))

  packages/adapters/github-actions:
    dependencies:
      '@nodeforge/contracts':
        specifier: workspace:*
        version: link:../../contracts
      yaml:
        specifier: ^2.5.0
        version: 2.9.0
    devDependencies:
      '@types/node':
        specifier: ^20.14.0
        version: 20.19.43
      typescript:
        specifier: ^5.6.3
        version: 5.9.3
      vitest:
        specifier: ^5.0.3
        version: 5.0.3(@types/node@20.19.43)(vite@5.4.21(@types/node@20.19.43))

  packages/adapters/jest:
    dependencies:
      '@nodeforge/contracts':
        specifier: workspace:*
        version: link:../../contracts
      '@nodeforge/runner':
        specifier: workspace:*
        version: link:../../runner
    devDependencies:
      '@types/node':
        specifier: ^20.14.0
        version: 20.19.43
      typescript:
        specifier: ^5.6.3
        version: 5.9.3
      vitest:
        specifier: ^5.0.3
        version: 5.0.3(@types/node@20.19.43)(vite@5.4.21(@types/node@20.19.43))

  packages/adapters/kubernetes:
    dependencies:
      '@nodeforge/contracts':
        specifier: workspace:*
        version: link:../../contracts
      yaml:
        specifier: ^2.5.0
        version: 2.9.0
    devDependencies:
      '@types/node':
        specifier: ^20.14.0
        version: 20.19.43
      typescript:
        specifier: ^5.6.3
        version: 5.9.3
      vitest:
        specifier: ^5.0.3
        version: 5.0.3(@types/node@20.19.43)(vite@5.4.21(@types/node@20.19.43))

  packages/adapters/node-test:
    dependencies:
      '@nodeforge/contracts':
        specifier: workspace:*
        version: link:../../contracts
      '@nodeforge/runner':
        specifier: workspace:*
        version: link:../../runner
    devDependencies:
      '@types/node':
        specifier: ^20.14.0
        version: 20.19.43
      typescript:
        specifier: ^5.6.3
        version: 5.9.3
      vitest:
        specifier: ^5.0.3
        version: 5.0.3(@types/node@20.19.43)(vite@5.4.21(@types/node@20.19.43))

  packages/adapters/prettier:
    dependencies:
      '@nodeforge/contracts':
        specifier: workspace:*
        version: link:../../contracts
      '@nodeforge/runner':
        specifier: workspace:*
        version: link:../../runner
    devDependencies:
      '@types/node':
        specifier: ^20.14.0
        version: 20.19.43
      typescript:
        specifier: ^5.6.3
        version: 5.9.3
      vitest:
        specifier: ^5.0.3
        version: 5.0.3(@types/node@20.19.43)(vite@5.4.21(@types/node@20.19.43))

  packages/adapters/prisma:
    dependencies:
      '@nodeforge/contracts':
        specifier: workspace:*
        version: link:../../contracts
    devDependencies:
      '@types/node':
        specifier: ^20.14.0
        version: 20.19.43
      typescript:
        specifier: ^5.6.3
        version: 5.9.3
      vitest:
        specifier: ^5.0.3
        version: 5.0.3(@types/node@20.19.43)(vite@5.4.21(@types/node@20.19.43))

  packages/adapters/typescript:
    dependencies:
      '@nodeforge/contracts':
        specifier: workspace:*
        version: link:../../contracts
      '@nodeforge/runner':
        specifier: workspace:*
        version: link:../../runner
    devDependencies:
      '@types/node':
        specifier: ^20.14.0
        version: 20.19.43
      typescript:
        specifier: ^5.6.3
        version: 5.9.3
      vitest:
        specifier: ^5.0.3
        version: 5.0.3(@types/node@20.19.43)(vite@5.4.21(@types/node@20.19.43))

  packages/adapters/vitest:
    dependencies:
      '@nodeforge/contracts':
        specifier: workspace:*
        version: link:../../contracts
      '@nodeforge/runner':
        specifier: workspace:*
        version: link:../../runner
    devDependencies:
      '@types/node':
        specifier: ^20.14.0
        version: 20.19.43
      typescript:
        specifier: ^5.6.3
        version: 5.9.3
      vitest:
        specifier: ^5.0.3
        version: 5.0.3(@types/node@20.19.43)(vite@5.4.21(@types/node@20.19.43))

  packages/agent:
    dependencies:
      '@nodeforge/adapter-biome':
        specifier: workspace:*
        version: link:../adapters/biome
      '@nodeforge/adapter-dependencies':
        specifier: workspace:*
        version: link:../adapters/dependencies
      '@nodeforge/adapter-dependency-graph':
        specifier: workspace:*
        version: link:../adapters/dependency-graph
      '@nodeforge/adapter-docker':
        specifier: workspace:*
        version: link:../adapters/docker
      '@nodeforge/adapter-drizzle':
        specifier: workspace:*
        version: link:../adapters/drizzle
      '@nodeforge/adapter-eslint':
        specifier: workspace:*
        version: link:../adapters/eslint
      '@nodeforge/adapter-git':
        specifier: workspace:*
        version: link:../adapters/git
      '@nodeforge/adapter-github-actions':
        specifier: workspace:*
        version: link:../adapters/github-actions
      '@nodeforge/adapter-jest':
        specifier: workspace:*
        version: link:../adapters/jest
      '@nodeforge/adapter-kubernetes':
        specifier: workspace:*
        version: link:../adapters/kubernetes
      '@nodeforge/adapter-node-test':
        specifier: workspace:*
        version: link:../adapters/node-test
      '@nodeforge/adapter-prettier':
        specifier: workspace:*
        version: link:../adapters/prettier
      '@nodeforge/adapter-prisma':
        specifier: workspace:*
        version: link:../adapters/prisma
      '@nodeforge/adapter-typescript':
        specifier: workspace:*
        version: link:../adapters/typescript
      '@nodeforge/adapter-vitest':
        specifier: workspace:*
        version: link:../adapters/vitest
      '@nodeforge/contracts':
        specifier: workspace:*
        version: link:../contracts
      '@nodeforge/core':
        specifier: workspace:*
        version: link:../core
      '@nodeforge/runner':
        specifier: workspace:*
        version: link:../runner
    devDependencies:
      '@types/node':
        specifier: ^20.14.0
        version: 20.19.43
      typescript:
        specifier: ^5.6.3
        version: 5.9.3
      vitest:
        specifier: ^5.0.3
        version: 5.0.3(@types/node@20.19.43)(vite@5.4.21(@types/node@20.19.43))

  packages/contracts:
    devDependencies:
      typescript:
        specifier: ^5.6.3
        version: 5.9.3

  packages/core:
    dependencies:
      '@nodeforge/contracts':
        specifier: workspace:*
        version: link:../contracts
    devDependencies:
      '@types/node':
        specifier: ^20.14.0
        version: 20.19.43
      typescript:
        specifier: ^5.6.3
        version: 5.9.3
      vitest:
        specifier: ^5.0.3
        version: 5.0.3(@types/node@20.19.43)(vite@5.4.21(@types/node@20.19.43))

  packages/extension:
    dependencies:
      '@nodeforge/adapter-biome':
        specifier: workspace:*
        version: link:../adapters/biome
      '@nodeforge/adapter-dependencies':
        specifier: workspace:*
        version: link:../adapters/dependencies
      '@nodeforge/adapter-dependency-graph':
        specifier: workspace:*
        version: link:../adapters/dependency-graph
      '@nodeforge/adapter-devdocs':
        specifier: workspace:*
        version: link:../adapters/devdocs
      '@nodeforge/adapter-drizzle':
        specifier: workspace:*
        version: link:../adapters/drizzle
      '@nodeforge/adapter-eslint':
        specifier: workspace:*
        version: link:../adapters/eslint
      '@nodeforge/adapter-git':
        specifier: workspace:*
        version: link:../adapters/git
      '@nodeforge/adapter-jest':
        specifier: workspace:*
        version: link:../adapters/jest
      '@nodeforge/adapter-node-test':
        specifier: workspace:*
        version: link:../adapters/node-test
      '@nodeforge/adapter-prettier':
        specifier: workspace:*
        version: link:../adapters/prettier
      '@nodeforge/adapter-prisma':
        specifier: workspace:*
        version: link:../adapters/prisma
      '@nodeforge/adapter-typescript':
        specifier: workspace:*
        version: link:../adapters/typescript
      '@nodeforge/adapter-vitest':
        specifier: workspace:*
        version: link:../adapters/vitest
      '@nodeforge/agent':
        specifier: workspace:*
        version: link:../agent
      '@nodeforge/contracts':
        specifier: workspace:*
        version: link:../contracts
      '@nodeforge/core':
        specifier: workspace:*
        version: link:../core
      '@nodeforge/runner':
        specifier: workspace:*
        version: link:../runner
    devDependencies:
      '@types/node':
        specifier: ^20.14.0
        version: 20.19.43
      '@types/vscode':
        specifier: ^1.85.0
        version: 1.136.0
      esbuild:
        specifier: ^0.21.5
        version: 0.21.5
      typescript:
        specifier: ^5.6.3
        version: 5.9.3

  packages/extension-vscode-tests: {}

  packages/runner:
    dependencies:
      '@nodeforge/contracts':
        specifier: workspace:*
        version: link:../contracts
    devDependencies:
      '@types/node':
        specifier: ^20.14.0
        version: 20.19.43
      typescript:
        specifier: ^5.6.3
        version: 5.9.3
      vitest:
        specifier: ^5.0.3
        version: 5.0.3(@types/node@20.19.43)(vite@5.4.21(@types/node@20.19.43))

packages:

  '@esbuild/aix-ppc64@0.21.5':
    resolution: {integrity: sha512-1SDgH6ZSPTlggy1yI6+Dbkiz8xzpHJEVAlF/AM1tHPLsf5STom9rwtjE4hKAF20FfXXNTFqEYXyJNWh1GiZedQ==}
    engines: {node: '>=12'}
    cpu: [ppc64]
    os: [aix]

  '@esbuild/android-arm64@0.21.5':
    resolution: {integrity: sha512-c0uX9VAUBQ7dTDCjq+wdyGLowMdtR/GoC2U5IYk/7D1H1JYC0qseD7+11iMP2mRLN9RcCMRcjC4YMclCzGwS/A==}
    engines: {node: '>=12'}
    cpu: [arm64]
    os: [android]

  '@esbuild/android-arm@0.21.5':
    resolution: {integrity: sha512-vCPvzSjpPHEi1siZdlvAlsPxXl7WbOVUBBAowWug4rJHb68Ox8KualB+1ocNvT5fjv6wpkX6o/iEpbDrf68zcg==}
    engines: {node: '>=12'}
    cpu: [arm]
    os: [android]

  '@esbuild/android-x64@0.21.5':
    resolution: {integrity: sha512-D7aPRUUNHRBwHxzxRvp856rjUHRFW1SdQATKXH2hqA0kAZb1hKmi02OpYRacl0TxIGz/ZmXWlbZgjwWYaCakTA==}
    engines: {node: '>=12'}
    cpu: [x64]
    os: [android]

  '@esbuild/darwin-arm64@0.21.5':
    resolution: {integrity: sha512-DwqXqZyuk5AiWWf3UfLiRDJ5EDd49zg6O9wclZ7kUMv2WRFr4HKjXp/5t8JZ11QbQfUS6/cRCKGwYhtNAY88kQ==}
    engines: {node: '>=12'}
    cpu: [arm64]
    os: [darwin]

  '@esbuild/darwin-x64@0.21.5':
    resolution: {integrity: sha512-se/JjF8NlmKVG4kNIuyWMV/22ZaerB+qaSi5MdrXtd6R08kvs2qCN4C09miupktDitvh8jRFflwGFBQcxZRjbw==}
    engines: {node: '>=12'}
    cpu: [x64]
    os: [darwin]

  '@esbuild/freebsd-arm64@0.21.5':
    resolution: {integrity: sha512-5JcRxxRDUJLX8JXp/wcBCy3pENnCgBR9bN6JsY4OmhfUtIHe3ZW0mawA7+RDAcMLrMIZaf03NlQiX9DGyB8h4g==}
    engines: {node: '>=12'}
    cpu: [arm64]
    os: [freebsd]

  '@esbuild/freebsd-x64@0.21.5':
    resolution: {integrity: sha512-J95kNBj1zkbMXtHVH29bBriQygMXqoVQOQYA+ISs0/2l3T9/kj42ow2mpqerRBxDJnmkUDCaQT/dfNXWX/ZZCQ==}
    engines: {node: '>=12'}
    cpu: [x64]
    os: [freebsd]

  '@esbuild/linux-arm64@0.21.5':
    resolution: {integrity: sha512-ibKvmyYzKsBeX8d8I7MH/TMfWDXBF3db4qM6sy+7re0YXya+K1cem3on9XgdT2EQGMu4hQyZhan7TeQ8XkGp4Q==}
    engines: {node: '>=12'}
    cpu: [arm64]
    os: [linux]

  '@esbuild/linux-arm@0.21.5':
    resolution: {integrity: sha512-bPb5AHZtbeNGjCKVZ9UGqGwo8EUu4cLq68E95A53KlxAPRmUyYv2D6F0uUI65XisGOL1hBP5mTronbgo+0bFcA==}
    engines: {node: '>=12'}
    cpu: [arm]
    os: [linux]

  '@esbuild/linux-ia32@0.21.5':
    resolution: {integrity: sha512-YvjXDqLRqPDl2dvRODYmmhz4rPeVKYvppfGYKSNGdyZkA01046pLWyRKKI3ax8fbJoK5QbxblURkwK/MWY18Tg==}
    engines: {node: '>=12'}
    cpu: [ia32]
    os: [linux]

  '@esbuild/linux-loong64@0.21.5':
    resolution: {integrity: sha512-uHf1BmMG8qEvzdrzAqg2SIG/02+4/DHB6a9Kbya0XDvwDEKCoC8ZRWI5JJvNdUjtciBGFQ5PuBlpEOXQj+JQSg==}
    engines: {node: '>=12'}
    cpu: [loong64]
    os: [linux]

  '@esbuild/linux-mips64el@0.21.5':
    resolution: {integrity: sha512-IajOmO+KJK23bj52dFSNCMsz1QP1DqM6cwLUv3W1QwyxkyIWecfafnI555fvSGqEKwjMXVLokcV5ygHW5b3Jbg==}
    engines: {node: '>=12'}
    cpu: [mips64el]
    os: [linux]

  '@esbuild/linux-ppc64@0.21.5':
    resolution: {integrity: sha512-1hHV/Z4OEfMwpLO8rp7CvlhBDnjsC3CttJXIhBi+5Aj5r+MBvy4egg7wCbe//hSsT+RvDAG7s81tAvpL2XAE4w==}
    engines: {node: '>=12'}
    cpu: [ppc64]
    os: [linux]

  '@esbuild/linux-riscv64@0.21.5':
    resolution: {integrity: sha512-2HdXDMd9GMgTGrPWnJzP2ALSokE/0O5HhTUvWIbD3YdjME8JwvSCnNGBnTThKGEB91OZhzrJ4qIIxk/SBmyDDA==}
    engines: {node: '>=12'}
    cpu: [riscv64]
    os: [linux]

  '@esbuild/linux-s390x@0.21.5':
    resolution: {integrity: sha512-zus5sxzqBJD3eXxwvjN1yQkRepANgxE9lgOW2qLnmr8ikMTphkjgXu1HR01K4FJg8h1kEEDAqDcZQtbrRnB41A==}
    engines: {node: '>=12'}
    cpu: [s390x]
    os: [linux]

  '@esbuild/linux-x64@0.21.5':
    resolution: {integrity: sha512-1rYdTpyv03iycF1+BhzrzQJCdOuAOtaqHTWJZCWvijKD2N5Xu0TtVC8/+1faWqcP9iBCWOmjmhoH94dH82BxPQ==}
    engines: {node: '>=12'}
    cpu: [x64]
    os: [linux]

  '@esbuild/netbsd-x64@0.21.5':
    resolution: {integrity: sha512-Woi2MXzXjMULccIwMnLciyZH4nCIMpWQAs049KEeMvOcNADVxo0UBIQPfSmxB3CWKedngg7sWZdLvLczpe0tLg==}
    engines: {node: '>=12'}
    cpu: [x64]
    os: [netbsd]

  '@esbuild/openbsd-x64@0.21.5':
    resolution: {integrity: sha512-HLNNw99xsvx12lFBUwoT8EVCsSvRNDVxNpjZ7bPn947b8gJPzeHWyNVhFsaerc0n3TsbOINvRP2byTZ5LKezow==}
    engines: {node: '>=12'}
    cpu: [x64]
    os: [openbsd]

  '@esbuild/sunos-x64@0.21.5':
    resolution: {integrity: sha512-6+gjmFpfy0BHU5Tpptkuh8+uw3mnrvgs+dSPQXQOv3ekbordwnzTVEb4qnIvQcYXq6gzkyTnoZ9dZG+D4garKg==}
    engines: {node: '>=12'}
    cpu: [x64]
    os: [sunos]

  '@esbuild/win32-arm64@0.21.5':
    resolution: {integrity: sha512-Z0gOTd75VvXqyq7nsl93zwahcTROgqvuAcYDUr+vOv8uHhNSKROyU961kgtCD1e95IqPKSQKH7tBTslnS3tA8A==}
    engines: {node: '>=12'}
    cpu: [arm64]
    os: [win32]

  '@esbuild/win32-ia32@0.21.5':
    resolution: {integrity: sha512-SWXFF1CL2RVNMaVs+BBClwtfZSvDgtL//G/smwAc5oVK/UPu2Gu9tIaRgFmYFFKrmg3SyAjSrElf0TiJ1v8fYA==}
    engines: {node: '>=12'}
    cpu: [ia32]
    os: [win32]

  '@esbuild/win32-x64@0.21.5':
    resolution: {integrity: sha512-tQd/1efJuzPC6rCFwEvLtci/xNFcTZknmXs98FYDfGE4wP9ClFV98nyKrzJKVPMhdDnjzLhdUyMX4PsQAPjwIw==}
    engines: {node: '>=12'}
    cpu: [x64]
    os: [win32]

  '@jridgewell/resolve-uri@3.1.2':
    resolution: {integrity: sha512-bRISgCIjP20/tbWSPWMEi54QVPRZExkuD9lJL+UIxUKtwVJA8wW1Trb1jMs1RFXo1CBTNZ/5hpC9QvmKWdopKw==}
    engines: {node: '>=6.0.0'}

  '@jridgewell/sourcemap-codec@1.6.0':
    resolution: {integrity: sha512-T7jf+5zgsZHwNJ4lvQ7/aezbyk0nNX+zJVWpmHA7VYsEx7a7qr5Rg5IbtJFqkgze5Y2sruq1RUY8Q837Od7iFw==}

  '@jridgewell/trace-mapping@0.3.31':
    resolution: {integrity: sha512-zzNR+SdQSDJzc8joaeP8QQoCQr8NuYx2dIIytl1QeBEZHJ9uW6hebsrYgbz8hJwUQao3TWCMtmfV8Nu1twOLAw==}

  '@napi-rs/lzma-linux-x64-gnu@1.5.1':
    resolution: {integrity: sha512-oTXEIha4SsuXdTA4Iyskj0kpdx2yVXdhd75c2v3xGrHFfVMsbhTPZU/nMPL4sWKo4pBHm3aucLaqGlF696dTyQ==}
    engines: {node: ^22.20 || ^24.12 || >=25}
    cpu: [x64]
    os: [linux]

  '@rollup/rollup-android-arm-eabi@4.64.0':
    resolution: {integrity: sha512-FLLpX941CD/7aBvX3GqLGBM9OvY5PGXTryPJkG5r5/OuBpZpV5k45Uo3RxAvqd35tsyc3hH1bhtz921IKzoIzg==}
    cpu: [arm]
    os: [android]

  '@rollup/rollup-android-arm64@4.64.0':
    resolution: {integrity: sha512-iI32XM/jnDYJsvx5ai/za/7gWO9XoSeFFtU06/ZCaRgyilfJOjaopD3nOpk2WrTCGOyeDt4hleUiGOAnd5tHNg==}
    cpu: [arm64]
    os: [android]

  '@rollup/rollup-darwin-arm64@4.64.0':
    resolution: {integrity: sha512-dRBZlbt2sEtF8Mn4MODThze9fIPdDoOhVSlXMAKy5dQbOYK9pOOoPY4Fat3OTtr0+8zbJo5TTZwlsfxY/kDNJg==}
    cpu: [arm64]
    os: [darwin]

  '@rollup/rollup-darwin-x64@4.64.0':
    resolution: {integrity: sha512-Y3whrJOMucfkhgNkvcM93M6j8C53iEAMmPMYD99C6G1kUy4ELigLWk9ar2/4aCBSRgsql0zdlOemLgW2m5GZgQ==}
    cpu: [x64]
    os: [darwin]

  '@rollup/rollup-freebsd-arm64@4.64.0':
    resolution: {integrity: sha512-S6S1GEzPjFF6IONYJX3AKt/799+8RgBgCcwRnUo+Ep1IvBxUbw5M51iU0TDdK2NWWVnSvCQ8yi6Em0fGASMOng==}
    cpu: [arm64]
    os: [freebsd]

  '@rollup/rollup-freebsd-x64@4.64.0':
    resolution: {integrity: sha512-Ed1DPoFENkXj4IGzSB12SesV40iP6LxCCrbTIkSGIQBpOOxpBM+0kj62lmaeIHfMWTDoddqTOtqc7s8LYfn+Pw==}
    cpu: [x64]
    os: [freebsd]

  '@rollup/rollup-linux-arm-gnueabihf@4.64.0':
    resolution: {integrity: sha512-J/6xhutJPtFyIkmHdf4olOdHHKH5kOJNumojdWn+Elv5ICEYTVOa362Vw27TxsK0BLzb1le3EDlO3UbvFK1lnQ==}
    cpu: [arm]
    os: [linux]

  '@rollup/rollup-linux-arm-musleabihf@4.64.0':
    resolution: {integrity: sha512-G4L/Nnx59d2LvDoV/P4S5lZ7oVLT6hodOHMacqjiq2LL2gts86KbkEBTYL53+fBt0odhf7XPIbIATGoYiJctxg==}
    cpu: [arm]
    os: [linux]

  '@rollup/rollup-linux-arm64-gnu@4.64.0':
    resolution: {integrity: sha512-zF16pvJDEUksGYRbfnXne7pdklAyj2XDmJeYKgP93oq0cUyX9Y8O7lUo1R+IY1GagP/YBvCEDCe7eEcAKpw//g==}
    cpu: [arm64]
    os: [linux]

  '@rollup/rollup-linux-arm64-musl@4.64.0':
    resolution: {integrity: sha512-nIggWn8n+w12+R5lsV+PYYoUY8vuObxPAQqJI7WES+9v0qspYuAHoZMfYM0yLxlipasT5BY9ht5W8t5c/rSCkg==}
    cpu: [arm64]
    os: [linux]

  '@rollup/rollup-linux-loong64-gnu@4.64.0':
    resolution: {integrity: sha512-WLOTiHPzszP0dxIMsHpFeDSOSB5I49Mj8K4+yKE3H1X/D0JRG5XZ5jrctJLMjnUc/LUzaKiwq6EHWNJ8pup8PA==}
    cpu: [loong64]
    os: [linux]

  '@rollup/rollup-linux-loong64-musl@4.64.0':
    resolution: {integrity: sha512-35RK9aRhh7g7Pmeu5gQ01aCvrhXzj9LoBE6xtUcEH1ns+nyTaSzxSpADmBQINu4QiTDGvmQYwo1j5hlg1rRXFw==}
    cpu: [loong64]
    os: [linux]

  '@rollup/rollup-linux-ppc64-gnu@4.64.0':
    resolution: {integrity: sha512-RqTfnpoTjuWfPAmqK5p2edt2AMCDJWm6oTn7sKfmyx+6tRga0ip05SJ977o6udTcIiDeF/CJMUfkaN4gtWt6Aw==}
    cpu: [ppc64]
    os: [linux]

  '@rollup/rollup-linux-ppc64-musl@4.64.0':
    resolution: {integrity: sha512-RQjZPigjxFvFZDijG6rjlSXxhRaTf9zLYVpGK+lVcga64oMqP1GbgVqCb46eHTTceSIgp89Ja0y5aPe3GFBYHg==}
    cpu: [ppc64]
    os: [linux]

  '@rollup/rollup-linux-riscv64-gnu@4.64.0':
    resolution: {integrity: sha512-tjL58mgQcTRnDRpeky+Sth1MKQeYi2Ct6r3Luq9E5aTSjnM/i/JbozqZkKqp9thM5+oDSZxo+05f9kdQedfTGA==}
    cpu: [riscv64]
    os: [linux]

  '@rollup/rollup-linux-riscv64-musl@4.64.0':
    resolution: {integrity: sha512-ictoRyVaoZ8C67myHef+8hhCa6IplXJJ/xUCkVCxziV4zxMZh+jvhkhGsPBLqj1S72fnqD0QH5zL4lcaa4X7DQ==}
    cpu: [riscv64]
    os: [linux]

  '@rollup/rollup-linux-s390x-gnu@4.64.0':
    resolution: {integrity: sha512-8aVvZ2hfr9RLFzBQkQNmYeHLDja8fLeQAmLt757zdKN/B+8L809KlLJKctQjS22wZotptV8G6o7fVPuAs8S1tQ==}
    cpu: [s390x]
    os: [linux]

  '@rollup/rollup-linux-x64-gnu@4.64.0':
    resolution: {integrity: sha512-2dEF8GAcDKwshUfydD+GhosppNyBzhVUHkdFF3CXd3FpOkzj/RZzF5aoEtzklujklT5qFVRU2GK/cFeLaTNKVg==}
    cpu: [x64]
    os: [linux]

  '@rollup/rollup-linux-x64-musl@4.64.0':
    resolution: {integrity: sha512-3XHTvoo2hKkh0MiOfS7SkhHjMaaWF7P4F3drocZZaho/Z8w7h/jpnuBHm91BOQLfvrKHs1yR+zir4E8RI3XzTQ==}
    cpu: [x64]
    os: [linux]

  '@rollup/rollup-openbsd-x64@4.64.0':
    resolution: {integrity: sha512-HKtkzodL4a3KFWDXDoO61cRynAWTR3LnAE0oGtfG9lcNFpNuVYUFOByxDgNqEvic9rvaQbAj+SFwTEWDptRaIw==}
    cpu: [x64]
    os: [openbsd]

  '@rollup/rollup-openharmony-arm64@4.64.0':
    resolution: {integrity: sha512-JBsxqiY16uyyCujtoC3s7zL+SrYyNElptD7K4V+KUoJ2V8/XG3hPWpheK+SuPwNh1cikJvIZmIdsrYXvD6PLJw==}
    cpu: [arm64]
    os: [openharmony]

  '@rollup/rollup-win32-arm64-msvc@4.64.0':
    resolution: {integrity: sha512-S5Qrijh37qhnUYQ0ay8WN3LuWeKjow7wTUyCOPMZtnXiBXYXdsZETI6ZLfYnQAKovltckPLBFdNeD61P2rJc7g==}
    cpu: [arm64]
    os: [win32]

  '@rollup/rollup-win32-ia32-msvc@4.64.0':
    resolution: {integrity: sha512-zbZ6iMmLFEsCtTdc2/y1F/cDFVNNCPF7Ae8PCT/wdPE//hGwYp6r+MyCLMFX+kOeIe09Pz6ASfnnfpSTN1FJQQ==}
    cpu: [ia32]
    os: [win32]

  '@rollup/rollup-win32-x64-gnu@4.64.0':
    resolution: {integrity: sha512-L6Hw69oNpuYaOr1zCG30v0/DqKYCSRwodPGwIcVZ/6f8SOzq9rxtL/xNVI5MO4wjli+Ko0ErK9uHJL3mNPt8wQ==}
    cpu: [x64]
    os: [win32]

  '@rollup/rollup-win32-x64-msvc@4.64.0':
    resolution: {integrity: sha512-nl+CTWIgOGszQmUz/kanfgrfFZ4qiwxKIfT/ryl3N3Ewk5tqizmYtNXiqb7Bu/fDtNgu1kyxdFiAUJNur3iysg==}
    cpu: [x64]
    os: [win32]

  '@types/chai@5.2.3':
    resolution: {integrity: sha512-Mw558oeA9fFbv65/y4mHtXDs9bPnFMZAL/jxdPFUpOHHIXX91mcgEHbS5Lahr+pwZFR8A7GQleRWeI6cGFC2UA==}

  '@types/deep-eql@4.0.2':
    resolution: {integrity: sha512-c9h9dVVMigMPc4bwTvC5dxqtqJZwQPePsWjPlpSOnojbor6pGqdk541lfA7AqFQr5pB1BRdq0juY9db81BwyFw==}

  '@types/estree@1.0.9':
    resolution: {integrity: sha512-GhdPgy1el4/ImP05X05Uw4cw2/M93BCUmnEvWZNStlCzEKME4Fkk+YpoA5OiHNQmoS7Cafb8Xa3Pya8m1Qrzeg==}

  '@types/node@20.19.43':
    resolution: {integrity: sha512-6oYBAi5ikg4Pl+kGsoYtawUMBT2zZMCvPNF7pVLnHZfd1zf38DRiWn/gT01RYCdUqkv7Fhr+C9ot4/tb+2sVvA==}

  '@types/vscode@1.136.0':
    resolution: {integrity: sha512-DO746VAfnHk8+Y8CsUKYMm2rjWD0mxEuYBZI+ssaqJY7yvLJPf9lcwxSSz9W60gbdvdcGyvHQxHTyByfF9mVqg==}

  '@vitest/mocker@5.0.3':
    resolution: {integrity: sha512-T8sWAIbkSyAjkwTcaEc3Iu0o9A27X1/kdXrizhZkGuSKScRQtRzclfAMpOTcGdXCsqxeWlpGy3XjqaW8CpLORg==}
    peerDependencies:
      msw: ^2.4.9
      vite: ^6.0.0 || ^7.0.0 || ^8.0.0
    peerDependenciesMeta:
      msw:
        optional: true
      vite:
        optional: true

  '@vitest/spy@5.0.3':
    resolution: {integrity: sha512-XhFysQTB8AZ+P4gMi+Lpo99vg2AZi0qKpaB9yXQl37+CaMEAPO3iH/wGVnSyL5MPERiLezpqTVtrR6UZH5GCXg==}

  assertion-error@2.0.1:
    resolution: {integrity: sha512-Izi8RQcffqCeNVgFigKli1ssklIbpHnCYc6AknXGYoB6grJqyeby7jv12JUQgmTAnIDnbck1uxksT4dzN3PWBA==}
    engines: {node: '>=12'}

  chai@6.3.0:
    resolution: {integrity: sha512-XWAtwJ6OHO+tj0EKCs0Y2UamnyOxseZWltU4x2U2wh8g4AigdjwvtUjvLP2tqkA/avxHEtzxNaqGq/YGNwckKg==}
    engines: {node: '>=18'}

  es-module-lexer@2.3.2:
    resolution: {integrity: sha512-poHGpORABojJJucnV9KbOavETW8lBVnphkW77ER5/BQ5Fz7oXSoCNek7IH3vR5nRjdsEz926ibFYX8KtLQmdyw==}

  esbuild@0.21.5:
    resolution: {integrity: sha512-mg3OPMV4hXywwpoDxu3Qda5xCKQi+vCTZq8S9J/EpkhB2HzKXq4SNFZE3+NK93JYxc8VMSep+lOUSC/RVKaBqw==}
    engines: {node: '>=12'}
    hasBin: true

  estree-walker@3.0.3:
    resolution: {integrity: sha512-7RUKfXgSMMkzt6ZuXmqapOurLGPPfgj6l9uRZ7lRGolvk0y2yocc35LdcxKC5PQZdn2DMqioAQ2NoWcrTKmm6g==}

  expect-type@1.4.0:
    resolution: {integrity: sha512-KfYbmpRm0VbLjEvVa9yGwCi9GI34xvi7A/HXYWQO65CSD2u3MczUJSuwXKFIxlGsgBQizV9q5J9NHj4VG0n+pA==}
    engines: {node: '>=12.0.0'}

  fdir@6.5.0:
    resolution: {integrity: sha512-tIbYtZbucOs0BRGqPJkshJUYdL+SDH7dVM8gjy+ERp3WAUjLEFJE+02kanyHtwjWOnwrKYBiwAmM0p4kLJAnXg==}
    engines: {node: '>=12.0.0'}
    peerDependencies:
      picomatch: ^3 || ^4
    peerDependenciesMeta:
      picomatch:
        optional: true

  fsevents@2.3.3:
    resolution: {integrity: sha512-5xoDfX+fL7faATnagmWPpbFtwh/R77WmMMqqHGS65C3vvB0YHrgF+B1YmZ3441tMj5n63k0212XNoJwzlhffQw==}
    engines: {node: ^8.16.0 || ^10.6.0 || >=11.0.0}
    os: [darwin]

  magic-string@1.4.2:
    resolution: {integrity: sha512-vG+rjFRj1PqdIBozIxAGMjPlOhaVe+GXpbttY/iSK7rGcJRMlwNJO7dcUwmUqkymsFLJiNGI06t4D7Fr7yRC9g==}

  nanoid@3.3.19:
    resolution: {integrity: sha512-Y2tUNy4ouw6tq5oDSKeQYGOyhkUBhNOcGV/02KC+6kd9eDGqdZd++mjMiIDilrBYvjEnCYvVtsuHCuP+okSfug==}
    engines: {node: ^10 || ^12 || ^13.7 || ^14 || >=15.0.1}
    hasBin: true

  obug@2.2.1:
    resolution: {integrity: sha512-XrsrhT5sybtKI6wakr2SPOlGZWWYbUXZ7a0jT8/QOeAPau+1X/bSegNe5YR75oJmEZQbKningirmGOEJCIk61Q==}
    engines: {node: '>=12.20.0'}

  picocolors@1.1.1:
    resolution: {integrity: sha512-xceH2snhtb5M9liqDsmEw56le376mTZkEX/jEb/RxNFyegNul7eNslCXP9FDj/Lcu0X8KEyMceP2ntpaHrDEVA==}

  picomatch@4.0.7:
    resolution: {integrity: sha512-qcJu88Q2IWqJsDD529JKMdwGm/dvInW4HvQnRwiH9JtihJvzGOscDtHE3x1pBKeUOTysQ8kVmLnJ2kJu7yhcGA==}
    engines: {node: '>=12'}

  postcss@8.5.28:
    resolution: {integrity: sha512-RRuzqDtt5Y9h3quz5hWhK+TPnsmVs6WwSU6LkJMeY4HstUEDuYTG8UJSdawMRzmzAtV+KEoG8N3Qg2qLy5vM/A==}
    engines: {node: ^10 || ^12 || >=14}

  rollup@4.64.0:
    resolution: {integrity: sha512-gjA/kFeDfffII8COoPsvLPvE16hWDTEc1+0QKQNKUkuV8iJjqsC4xXs8/FzuL0v9EV39kuxTbAgcFoTRyy2TGQ==}
    engines: {node: '>=18.0.0', npm: '>=8.0.0'}
    hasBin: true

  source-map-js@1.2.2:
    resolution: {integrity: sha512-KGj/8Y43x35aZVDtt+J4mK1hoLGHULMYfSkODJNQjNDC3oW1PqPoxMwo0pLUsWM/UEGzON/NxeHywEfNXNP3Vw==}
    engines: {node: '>=0.10.0'}

  std-env@4.3.0:
    resolution: {integrity: sha512-OtU/EgQ1kIm5KwqQpBC6ZEMXrZRui11w8zgfTWp8cdO9B8OaPsbA8bTHO2P+HNo1VlUTGMVBwPhydu6poeXiag==}

  tinybench@6.2.0:
    resolution: {integrity: sha512-78U2TlB2CnVenajOFzf3BKSm0J6oz5L0NV7g32LCPccvYc0lbWvys4d3uUUCS2B1N8PAf2+aekR8i1KbC3HO7Q==}
    engines: {node: '>=20.0.0'}

  tinyexec@1.3.1:
    resolution: {integrity: sha512-GCvB3aoys96IuDFBMcTB46JOR6mdMtAToqwiW8JlWhsoh1mhHi/xn9ss/Dg7N555GiJyEt2qzoG/NHCwM6h1EA==}
    engines: {node: '>=18'}

  tinyglobby@0.2.17:
    resolution: {integrity: sha512-wXR/dYpcqKmfWpEdZjiKJOwCNFndD0DMnrW/cYjVGttEkBfVgcLFHoNrlj47mjOVic9yyNu65alsgF4NQyTa2g==}
    engines: {node: '>=12.0.0'}

  typescript@5.9.3:
    resolution: {integrity: sha512-jl1vZzPDinLr9eUt3J/t7V6FgNEw9QjvBPdysz9KfQDD41fQrC2Y4vKQdiaUpFT4bXlb1RHhLpp8wtm6M5TgSw==}
    engines: {node: '>=14.17'}
    hasBin: true

  undici-types@6.21.0:
    resolution: {integrity: sha512-iwDZqg0QAGrg9Rav5H4n0M64c3mkR59cJ6wQp+7C4nI0gsmExaedaYLNO44eT4AtBBwjbTiGPMlt2Md0T9H9JQ==}

  vite@5.4.21:
    resolution: {integrity: sha512-o5a9xKjbtuhY6Bi5S3+HvbRERmouabWbyUcpXXUA1u+GNUKoROi9byOJ8M0nHbHYHkYICiMlqxkg1KkYmm25Sw==}
    engines: {node: ^18.0.0 || >=20.0.0}
    hasBin: true
    peerDependencies:
      '@types/node': ^18.0.0 || >=20.0.0
      less: '*'
      lightningcss: ^1.21.0
      sass: '*'
      sass-embedded: '*'
      stylus: '*'
      sugarss: '*'
      terser: ^5.4.0
    peerDependenciesMeta:
      '@types/node':
        optional: true
      less:
        optional: true
      lightningcss:
        optional: true
      sass:
        optional: true
      sass-embedded:
        optional: true
      stylus:
        optional: true
      sugarss:
        optional: true
      terser:
        optional: true

  vitest@5.0.3:
    resolution: {integrity: sha512-xMw97S3rjdtj5dkVat7jCsqWBpvchs3RlpQctUqwJD0KkERk40vz2fJ77lDwW/Vzh/pk18eItYAzkodhSes3jQ==}
    engines: {node: ^22.12.0 || ^24.0.0 || >=26.0.0}
    hasBin: true
    peerDependencies:
      '@edge-runtime/vm': '*'
      '@opentelemetry/api': ^1.9.0
      '@types/node': ^22.0.0 || >=24.0.0
      '@vitest/browser-playwright': 5.0.3
      '@vitest/browser-preview': 5.0.3
      '@vitest/browser-webdriverio': ^5.0.0-beta.5 || >=5.0.0
      '@vitest/coverage-istanbul': 5.0.3
      '@vitest/coverage-v8': 5.0.3
      '@vitest/ui': 5.0.3
      happy-dom: '*'
      jsdom: '*'
      vite: ^6.4.0 || ^7.0.0 || ^8.0.0
    peerDependenciesMeta:
      '@edge-runtime/vm':
        optional: true
      '@opentelemetry/api':
        optional: true
      '@types/node':
        optional: true
      '@vitest/browser-playwright':
        optional: true
      '@vitest/browser-preview':
        optional: true
      '@vitest/browser-webdriverio':
        optional: true
      '@vitest/coverage-istanbul':
        optional: true
      '@vitest/coverage-v8':
        optional: true
      '@vitest/ui':
        optional: true
      happy-dom:
        optional: true
      jsdom:
        optional: true

  why-is-node-running@3.2.1:
    resolution: {integrity: sha512-Tb2FUhB4vUsGQlfSquQLYkApkuPAFQXGFzxWKHHumVz2dK+X1RUm/HnID4+TfIGYJ1kTcwOaCk/buYCEJr6YjQ==}
    engines: {node: '>=20.11'}
    hasBin: true

  yaml@2.9.0:
    resolution: {integrity: sha512-2AvhNX3mb8zd6Zy7INTtSpl1F15HW6Wnqj0srWlkKLcpYl/gMIMJiyuGq2KeI2YFxUPjdlB+3Lc10seMLtL4cA==}
    engines: {node: '>= 14.6'}
    hasBin: true

snapshots:

  '@esbuild/aix-ppc64@0.21.5':
    optional: true

  '@esbuild/android-arm64@0.21.5':
    optional: true

  '@esbuild/android-arm@0.21.5':
    optional: true

  '@esbuild/android-x64@0.21.5':
    optional: true

  '@esbuild/darwin-arm64@0.21.5':
    optional: true

  '@esbuild/darwin-x64@0.21.5':
    optional: true

  '@esbuild/freebsd-arm64@0.21.5':
    optional: true

  '@esbuild/freebsd-x64@0.21.5':
    optional: true

  '@esbuild/linux-arm64@0.21.5':
    optional: true

  '@esbuild/linux-arm@0.21.5':
    optional: true

  '@esbuild/linux-ia32@0.21.5':
    optional: true

  '@esbuild/linux-loong64@0.21.5':
    optional: true

  '@esbuild/linux-mips64el@0.21.5':
    optional: true

  '@esbuild/linux-ppc64@0.21.5':
    optional: true

  '@esbuild/linux-riscv64@0.21.5':
    optional: true

  '@esbuild/linux-s390x@0.21.5':
    optional: true

  '@esbuild/linux-x64@0.21.5':
    optional: true

  '@esbuild/netbsd-x64@0.21.5':
    optional: true

  '@esbuild/openbsd-x64@0.21.5':
    optional: true

  '@esbuild/sunos-x64@0.21.5':
    optional: true

  '@esbuild/win32-arm64@0.21.5':
    optional: true

  '@esbuild/win32-ia32@0.21.5':
    optional: true

  '@esbuild/win32-x64@0.21.5':
    optional: true

  '@jridgewell/resolve-uri@3.1.2': {}

  '@jridgewell/sourcemap-codec@1.6.0': {}

  '@jridgewell/trace-mapping@0.3.31':
    dependencies:
      '@jridgewell/resolve-uri': 3.1.2
      '@jridgewell/sourcemap-codec': 1.6.0

  '@napi-rs/lzma-linux-x64-gnu@1.5.1':
    optional: true

  '@rollup/rollup-android-arm-eabi@4.64.0':
    optional: true

  '@rollup/rollup-android-arm64@4.64.0':
    optional: true

  '@rollup/rollup-darwin-arm64@4.64.0':
    optional: true

  '@rollup/rollup-darwin-x64@4.64.0':
    optional: true

  '@rollup/rollup-freebsd-arm64@4.64.0':
    optional: true

  '@rollup/rollup-freebsd-x64@4.64.0':
    optional: true

  '@rollup/rollup-linux-arm-gnueabihf@4.64.0':
    optional: true

  '@rollup/rollup-linux-arm-musleabihf@4.64.0':
    optional: true

  '@rollup/rollup-linux-arm64-gnu@4.64.0':
    optional: true

  '@rollup/rollup-linux-arm64-musl@4.64.0':
    optional: true

  '@rollup/rollup-linux-loong64-gnu@4.64.0':
    optional: true

  '@rollup/rollup-linux-loong64-musl@4.64.0':
    optional: true

  '@rollup/rollup-linux-ppc64-gnu@4.64.0':
    optional: true

  '@rollup/rollup-linux-ppc64-musl@4.64.0':
    optional: true

  '@rollup/rollup-linux-riscv64-gnu@4.64.0':
    optional: true

  '@rollup/rollup-linux-riscv64-musl@4.64.0':
    optional: true

  '@rollup/rollup-linux-s390x-gnu@4.64.0':
    optional: true

  '@rollup/rollup-linux-x64-gnu@4.64.0':
    optional: true

  '@rollup/rollup-linux-x64-musl@4.64.0':
    optional: true

  '@rollup/rollup-openbsd-x64@4.64.0':
    optional: true

  '@rollup/rollup-openharmony-arm64@4.64.0':
    optional: true

  '@rollup/rollup-win32-arm64-msvc@4.64.0':
    optional: true

  '@rollup/rollup-win32-ia32-msvc@4.64.0':
    optional: true

  '@rollup/rollup-win32-x64-gnu@4.64.0':
    optional: true

  '@rollup/rollup-win32-x64-msvc@4.64.0':
    optional: true

  '@types/chai@5.2.3':
    dependencies:
      '@types/deep-eql': 4.0.2
      assertion-error: 2.0.1

  '@types/deep-eql@4.0.2': {}

  '@types/estree@1.0.9': {}

  '@types/node@20.19.43':
    dependencies:
      undici-types: 6.21.0

  '@types/vscode@1.136.0': {}

  '@vitest/mocker@5.0.3(vite@5.4.21(@types/node@20.19.43))':
    dependencies:
      '@jridgewell/trace-mapping': 0.3.31
      '@vitest/spy': 5.0.3
      estree-walker: 3.0.3
      magic-string: 1.4.2
    optionalDependencies:
      vite: 5.4.21(@types/node@20.19.43)

  '@vitest/spy@5.0.3': {}

  assertion-error@2.0.1: {}

  chai@6.3.0: {}

  es-module-lexer@2.3.2: {}

  esbuild@0.21.5:
    optionalDependencies:
      '@esbuild/aix-ppc64': 0.21.5
      '@esbuild/android-arm': 0.21.5
      '@esbuild/android-arm64': 0.21.5
      '@esbuild/android-x64': 0.21.5
      '@esbuild/darwin-arm64': 0.21.5
      '@esbuild/darwin-x64': 0.21.5
      '@esbuild/freebsd-arm64': 0.21.5
      '@esbuild/freebsd-x64': 0.21.5
      '@esbuild/linux-arm': 0.21.5
      '@esbuild/linux-arm64': 0.21.5
      '@esbuild/linux-ia32': 0.21.5
      '@esbuild/linux-loong64': 0.21.5
      '@esbuild/linux-mips64el': 0.21.5
      '@esbuild/linux-ppc64': 0.21.5
      '@esbuild/linux-riscv64': 0.21.5
      '@esbuild/linux-s390x': 0.21.5
      '@esbuild/linux-x64': 0.21.5
      '@esbuild/netbsd-x64': 0.21.5
      '@esbuild/openbsd-x64': 0.21.5
      '@esbuild/sunos-x64': 0.21.5
      '@esbuild/win32-arm64': 0.21.5
      '@esbuild/win32-ia32': 0.21.5
      '@esbuild/win32-x64': 0.21.5

  estree-walker@3.0.3:
    dependencies:
      '@types/estree': 1.0.9

  expect-type@1.4.0: {}

  fdir@6.5.0(picomatch@4.0.7):
    optionalDependencies:
      picomatch: 4.0.7

  fsevents@2.3.3:
    optional: true

  magic-string@1.4.2:
    dependencies:
      '@jridgewell/sourcemap-codec': 1.6.0

  nanoid@3.3.19: {}

  obug@2.2.1: {}

  picocolors@1.1.1: {}

  picomatch@4.0.7: {}

  postcss@8.5.28:
    dependencies:
      nanoid: 3.3.19
      picocolors: 1.1.1
      source-map-js: 1.2.2

  rollup@4.64.0:
    dependencies:
      '@types/estree': 1.0.9
    optionalDependencies:
      '@napi-rs/lzma-linux-x64-gnu': 1.5.1
      '@rollup/rollup-android-arm-eabi': 4.64.0
      '@rollup/rollup-android-arm64': 4.64.0
      '@rollup/rollup-darwin-arm64': 4.64.0
      '@rollup/rollup-darwin-x64': 4.64.0
      '@rollup/rollup-freebsd-arm64': 4.64.0
      '@rollup/rollup-freebsd-x64': 4.64.0
      '@rollup/rollup-linux-arm-gnueabihf': 4.64.0
      '@rollup/rollup-linux-arm-musleabihf': 4.64.0
      '@rollup/rollup-linux-arm64-gnu': 4.64.0
      '@rollup/rollup-linux-arm64-musl': 4.64.0
      '@rollup/rollup-linux-loong64-gnu': 4.64.0
      '@rollup/rollup-linux-loong64-musl': 4.64.0
      '@rollup/rollup-linux-ppc64-gnu': 4.64.0
      '@rollup/rollup-linux-ppc64-musl': 4.64.0
      '@rollup/rollup-linux-riscv64-gnu': 4.64.0
      '@rollup/rollup-linux-riscv64-musl': 4.64.0
      '@rollup/rollup-linux-s390x-gnu': 4.64.0
      '@rollup/rollup-linux-x64-gnu': 4.64.0
      '@rollup/rollup-linux-x64-musl': 4.64.0
      '@rollup/rollup-openbsd-x64': 4.64.0
      '@rollup/rollup-openharmony-arm64': 4.64.0
      '@rollup/rollup-win32-arm64-msvc': 4.64.0
      '@rollup/rollup-win32-ia32-msvc': 4.64.0
      '@rollup/rollup-win32-x64-gnu': 4.64.0
      '@rollup/rollup-win32-x64-msvc': 4.64.0
      fsevents: 2.3.3

  source-map-js@1.2.2: {}

  std-env@4.3.0: {}

  tinybench@6.2.0: {}

  tinyexec@1.3.1: {}

  tinyglobby@0.2.17:
    dependencies:
      fdir: 6.5.0(picomatch@4.0.7)
      picomatch: 4.0.7

  typescript@5.9.3: {}

  undici-types@6.21.0: {}

  vite@5.4.21(@types/node@20.19.43):
    dependencies:
      esbuild: 0.21.5
      postcss: 8.5.28
      rollup: 4.64.0
    optionalDependencies:
      '@types/node': 20.19.43
      fsevents: 2.3.3

  vitest@5.0.3(@types/node@20.19.43)(vite@5.4.21(@types/node@20.19.43)):
    dependencies:
      '@types/chai': 5.2.3
      '@vitest/mocker': 5.0.3(vite@5.4.21(@types/node@20.19.43))
      chai: 6.3.0
      es-module-lexer: 2.3.2
      expect-type: 1.4.0
      magic-string: 1.4.2
      obug: 2.2.1
      picomatch: 4.0.7
      std-env: 4.3.0
      tinybench: 6.2.0
      tinyexec: 1.3.1
      tinyglobby: 0.2.17
      vite: 5.4.21(@types/node@20.19.43)
      why-is-node-running: 3.2.1
    optionalDependencies:
      '@types/node': 20.19.43
    transitivePeerDependencies:
      - msw

  why-is-node-running@3.2.1: {}

  yaml@2.9.0: {}
